
Microsoft Visual Studio Solution File, Format Version 12.00
# Visual Studio 15
Project("{FAE04EC0-301F-11D3-BF4B-00C04F79EFBC}") = "AngularAndNetCoreAPI", "AngularAndNetCoreAPI\AngularAndNetCoreAPI.csproj", "{B58E6D7C-5BC2-4E1C-8DE7-57D8595D389E}"
EndProject
Global
	GlobalSection(SolutionConfigurationPlatforms) = preSolution
		Debug|Any CPU = Debug|Any CPU
		Release|Any CPU = Release|Any CPU
	EndGlobalSection
	GlobalSection(ProjectConfigurationPlatforms) = postSolution
		{B58E6D7C-5BC2-4E1C-8DE7-57D8595D389E}.Debug|Any CPU.ActiveCfg = Debug|Any CPU
		{B58E6D7C-5BC2-4E1C-8DE7-57D8595D389E}.Debug|Any CPU.Build.0 = Debug|Any CPU
		{B58E6D7C-5BC2-4E1C-8DE7-57D8595D389E}.Release|Any CPU.ActiveCfg = Release|Any CPU
		{B58E6D7C-5BC2-4E1C-8DE7-57D8595D389E}.Release|Any CPU.Build.0 = Release|Any CPU
	EndGlobalSection
EndGlobal
